// !$*UTF8*$!
{
	archiveVersion = 1;
	classes = {
	};
	objectVersion = 46;
	objects = {

/* Begin PBXBuildFile section */
		1804F8D11CA6CAAF00499AFC /* AppDelegate.swift in Sources */ = {isa = PBXBuildFile; fileRef = 1804F8D01CA6CAAF00499AFC /* AppDelegate.swift */; };
		1804F8D31CA6CAAF00499AFC /* AddViewController.swift in Sources */ = {isa = PBXBuildFile; fileRef = 1804F8D21CA6CAAF00499AFC /* AddViewController.swift */; };
		1804F8D61CA6CAAF00499AFC /* Main.storyboard in Resources */ = {isa = PBXBuildFile; fileRef = 1804F8D41CA6CAAF00499AFC /* Main.storyboard */; };
		1804F8D81CA6CAAF00499AFC /* Assets.xcassets in Resources */ = {isa = PBXBuildFile; fileRef = 1804F8D71CA6CAAF00499AFC /* Assets.xcassets */; };
		1804F8DB1CA6CAAF00499AFC /* LaunchScreen.storyboard in Resources */ = {isa = PBXBuildFile; fileRef = 1804F8D91CA6CAAF00499AFC /* LaunchScreen.storyboard */; };
		1804F8E61CA6CAAF00499AFC /* Scavenger_HuntTests.swift in Sources */ = {isa = PBXBuildFile; fileRef = 1804F8E51CA6CAAF00499AFC /* Scavenger_HuntTests.swift */; };
		1804F8F11CA6CAAF00499AFC /* Scavenger_HuntUITests.swift in Sources */ = {isa = PBXBuildFile; fileRef = 1804F8F01CA6CAAF00499AFC /* Scavenger_HuntUITests.swift */; };
		1804F8FF1CA6D95900499AFC /* ListViewController.swift in Sources */ = {isa = PBXBuildFile; fileRef = 1804F8FE1CA6D95900499AFC /* ListViewController.swift */; };
		1804F9011CA6FD2F00499AFC /* ScavengerHuntItem.swift in Sources */ = {isa = PBXBuildFile; fileRef = 1804F9001CA6FD2F00499AFC /* ScavengerHuntItem.swift */; };
		1804F9031CA7167800499AFC /* itemsManager.swift in Sources */ = {isa = PBXBuildFile; fileRef = 1804F9021CA7167800499AFC /* itemsManager.swift */; };
/* End PBXBuildFile section */

/* Begin PBXContainerItemProxy section */
		1804F8E21CA6CAAF00499AFC /* PBXContainerItemProxy */ = {
			isa = PBXContainerItemProxy;
			containerPortal = 1804F8C51CA6CAAE00499AFC /* Project object */;
			proxyType = 1;
			remoteGlobalIDString = 1804F8CC1CA6CAAE00499AFC;
			remoteInfo = "Scavenger Hunt";
		};
		1804F8ED1CA6CAAF00499AFC /* PBXContainerItemProxy */ = {
			isa = PBXContainerItemProxy;
			containerPortal = 1804F8C51CA6CAAE00499AFC /* Project object */;
			proxyType = 1;
			remoteGlobalIDString = 1804F8CC1CA6CAAE00499AFC;
			remoteInfo = "Scavenger Hunt";
		};
/* End PBXContainerItemProxy section */

/* Begin PBXFileReference section */
		1804F8CD1CA6CAAF00499AFC /* Scavenger Hunt.app */ = {isa = PBXFileReference; explicitFileType = wrapper.application; includeInIndex = 0; path = "Scavenger Hunt.app"; sourceTree = BUILT_PRODUCTS_DIR; };
		1804F8D01CA6CAAF00499AFC /* AppDelegate.swift */ = {isa = PBXFileReference; lastKnownFileType = sourcecode.swift; path = AppDelegate.swift; sourceTree = "<group>"; };
		1804F8D21CA6CAAF00499AFC /* AddViewController.swift */ = {isa = PBXFileReference; lastKnownFileType = sourcecode.swift; path = AddViewController.swift; sourceTree = "<group>"; };
		1804F8D51CA6CAAF00499AFC /* Base */ = {isa = PBXFileReference; lastKnownFileType = file.storyboard; name = Base; path = Base.lproj/Main.storyboard; sourceTree = "<group>"; };
		1804F8D71CA6CAAF00499AFC /* Assets.xcassets */ = {isa = PBXFileReference; lastKnownFileType = folder.assetcatalog; path = Assets.xcassets; sourceTree = "<group>"; };
		1804F8DA1CA6CAAF00499AFC /* Base */ = {isa = PBXFileReference; lastKnownFileType = file.storyboard; name = Base; path = Base.lproj/LaunchScreen.storyboard; sourceTree = "<group>"; };
		1804F8DC1CA6CAAF00499AFC /* Info.plist */ = {isa = PBXFileReference; lastKnownFileType = text.plist.xml; path = Info.plist; sourceTree = "<group>"; };
		1804F8E11CA6CAAF00499AFC /* Scavenger HuntTests.xctest */ = {isa = PBXFileReference; explicitFileType = wrapper.cfbundle; includeInIndex = 0; path = "Scavenger HuntTests.xctest"; sourceTree = BUILT_PRODUCTS_DIR; };
		1804F8E51CA6CAAF00499AFC /* Scavenger_HuntTests.swift */ = {isa = PBXFileReference; lastKnownFileType = sourcecode.swift; path = Scavenger_HuntTests.swift; sourceTree = "<group>"; };
		1804F8E71CA6CAAF00499AFC /* Info.plist */ = {isa = PBXFileReference; lastKnownFileType = text.plist.xml; path = Info.plist; sourceTree = "<group>"; };
		1804F8EC1CA6CAAF00499AFC /* Scavenger HuntUITests.xctest */ = {isa = PBXFileReference; explicitFileType = wrapper.cfbundle; includeInIndex = 0; path = "Scavenger HuntUITests.xctest"; sourceTree = BUILT_PRODUCTS_DIR; };
		1804F8F01CA6CAAF00499AFC /* Scavenger_HuntUITests.swift */ = {isa = PBXFileReference; lastKnownFileType = sourcecode.swift; path = Scavenger_HuntUITests.swift; sourceTree = "<group>"; };
		1804F8F21CA6CAAF00499AFC /* Info.plist */ = {isa = PBXFileReference; lastKnownFileType = text.plist.xml; path = Info.plist; sourceTree = "<group>"; };
		1804F8FE1CA6D95900499AFC /* ListViewController.swift */ = {isa = PBXFileReference; fileEncoding = 4; lastKnownFileType = sourcecode.swift; path = ListViewController.swift; sourceTree = "<group>"; };
		1804F9001CA6FD2F00499AFC /* ScavengerHuntItem.swift */ = {isa = PBXFileReference; fileEncoding = 4; lastKnownFileType = sourcecode.swift; path = ScavengerHuntItem.swift; sourceTree = "<group>"; };
		1804F9021CA7167800499AFC /* itemsManager.swift */ = {isa = PBXFileReference; fileEncoding = 4; lastKnownFileType = sourcecode.swift; path = itemsManager.swift; sourceTree = "<group>"; };
/* End PBXFileReference section */

/* Begin PBXFrameworksBuildPhase section */
		1804F8CA1CA6CAAE00499AFC /* Frameworks */ = {
			isa = PBXFrameworksBuildPhase;
			buildActionMask = 2147483647;
			files = (
			);
			runOnlyForDeploymentPostprocessing = 0;
		};
		1804F8DE1CA6CAAF00499AFC /* Frameworks */ = {
			isa = PBXFrameworksBuildPhase;
			buildActionMask = 2147483647;
			files = (
			);
			runOnlyForDeploymentPostprocessing = 0;
		};
		1804F8E91CA6CAAF00499AFC /* Frameworks */ = {
			isa = PBXFrameworksBuildPhase;
			buildActionMask = 2147483647;
			files = (
			);
			runOnlyForDeploymentPostprocessing = 0;
		};
/* End PBXFrameworksBuildPhase section */

/* Begin PBXGroup section */
		1804F8C41CA6CAAE00499AFC = {
			isa = PBXGroup;
			children = (
				1804F8CF1CA6CAAF00499AFC /* Scavenger Hunt */,
				1804F8E41CA6CAAF00499AFC /* Scavenger HuntTests */,
				1804F8EF1CA6CAAF00499AFC /* Scavenger HuntUITests */,
				1804F8CE1CA6CAAF00499AFC /* Products */,
			);
			sourceTree = "<group>";
		};
		1804F8CE1CA6CAAF00499AFC /* Products */ = {
			isa = PBXGroup;
			children = (
				1804F8CD1CA6CAAF00499AFC /* Scavenger Hunt.app */,
				1804F8E11CA6CAAF00499AFC /* Scavenger HuntTests.xctest */,
				1804F8EC1CA6CAAF00499AFC /* Scavenger HuntUITests.xctest */,
			);
			name = Products;
			sourceTree = "<group>";
		};
		1804F8CF1CA6CAAF00499AFC /* Scavenger Hunt */ = {
			isa = PBXGroup;
			children = (
				1804F8D01CA6CAAF00499AFC /* AppDelegate.swift */,
				1804F8D21CA6CAAF00499AFC /* AddViewController.swift */,
				1804F8D41CA6CAAF00499AFC /* Main.storyboard */,
				1804F9021CA7167800499AFC /* itemsManager.swift */,
				1804F9001CA6FD2F00499AFC /* ScavengerHuntItem.swift */,
				1804F8FE1CA6D95900499AFC /* ListViewController.swift */,
				1804F8D71CA6CAAF00499AFC /* Assets.xcassets */,
				1804F8D91CA6CAAF00499AFC /* LaunchScreen.storyboard */,
				1804F8DC1CA6CAAF00499AFC /* Info.plist */,
			);
			path = "Scavenger Hunt";
			sourceTree = "<group>";
		};
		1804F8E41CA6CAAF00499AFC /* Scavenger HuntTests */ = {
			isa = PBXGroup;
			children = (
				1804F8E51CA6CAAF00499AFC /* Scavenger_HuntTests.swift */,
				1804F8E71CA6CAAF00499AFC /* Info.plist */,
			);
			path = "Scavenger HuntTests";
			sourceTree = "<group>";
		};
		1804F8EF1CA6CAAF00499AFC /* Scavenger HuntUITests */ = {
			isa = PBXGroup;
			children = (
				1804F8F01CA6CAAF00499AFC /* Scavenger_HuntUITests.swift */,
				1804F8F21CA6CAAF00499AFC /* Info.plist */,
			);
			path = "Scavenger HuntUITests";
			sourceTree = "<group>";
		};
/* End PBXGroup section */

/* Begin PBXNativeTarget section */
		1804F8CC1CA6CAAE00499AFC /* Scavenger Hunt */ = {
			isa = PBXNativeTarget;
			buildConfigurationList = 1804F8F51CA6CAAF00499AFC /* Build configuration list for PBXNativeTarget "Scavenger Hunt" */;
			buildPhases = (
				1804F8C91CA6CAAE00499AFC /* Sources */,
				1804F8CA1CA6CAAE00499AFC /* Frameworks */,
				1804F8CB1CA6CAAE00499AFC /* Resources */,
			);
			buildRules = (
			);
			dependencies = (
			);
			name = "Scavenger Hunt";
			productName = "Scavenger Hunt";
			productReference = 1804F8CD1CA6CAAF00499AFC /* Scavenger Hunt.app */;
			productType = "com.apple.product-type.application";
		};
		1804F8E01CA6CAAF00499AFC /* Scavenger HuntTests */ = {
			isa = PBXNativeTarget;
			buildConfigurationList = 1804F8F81CA6CAAF00499AFC /* Build configuration list for PBXNativeTarget "Scavenger HuntTests" */;
			buildPhases = (
				1804F8DD1CA6CAAF00499AFC /* Sources */,
				1804F8DE1CA6CAAF00499AFC /* Frameworks */,
				1804F8DF1CA6CAAF00499AFC /* Resources */,
			);
			buildRules = (
			);
			dependencies = (
				1804F8E31CA6CAAF00499AFC /* PBXTargetDependency */,
			);
			name = "Scavenger HuntTests";
			productName = "Scavenger HuntTests";
			productReference = 1804F8E11CA6CAAF00499AFC /* Scavenger HuntTests.xctest */;
			productType = "com.apple.product-type.bundle.unit-test";
		};
		1804F8EB1CA6CAAF00499AFC /* Scavenger HuntUITests */ = {
			isa = PBXNativeTarget;
			buildConfigurationList = 1804F8FB1CA6CAAF00499AFC /* Build configuration list for PBXNativeTarget "Scavenger HuntUITests" */;
			buildPhases = (
				1804F8E81CA6CAAF00499AFC /* Sources */,
				1804F8E91CA6CAAF00499AFC /* Frameworks */,
				1804F8EA1CA6CAAF00499AFC /* Resources */,
			);
			buildRules = (
			);
			dependencies = (
				1804F8EE1CA6CAAF00499AFC /* PBXTargetDependency */,
			);
			name = "Scavenger HuntUITests";
			productName = "Scavenger HuntUITests";
			productReference = 1804F8EC1CA6CAAF00499AFC /* Scavenger HuntUITests.xctest */;
			productType = "com.apple.product-type.bundle.ui-testing";
		};
/* End PBXNativeTarget section */

/* Begin PBXProject section */
		1804F8C51CA6CAAE00499AFC /* Project object */ = {
			isa = PBXProject;
			attributes = {
				LastSwiftUpdateCheck = 0720;
				LastUpgradeCheck = 0720;
				ORGANIZATIONNAME = Apple;
				TargetAttributes = {
					1804F8CC1CA6CAAE00499AFC = {
						CreatedOnToolsVersion = 7.2;
					};
					1804F8E01CA6CAAF00499AFC = {
						CreatedOnToolsVersion = 7.2;
						TestTargetID = 1804F8CC1CA6CAAE00499AFC;
					};
					1804F8EB1CA6CAAF00499AFC = {
						CreatedOnToolsVersion = 7.2;
						TestTargetID = 1804F8CC1CA6CAAE00499AFC;
					};
				};
			};
			buildConfigurationList = 1804F8C81CA6CAAE00499AFC /* Build configuration list for PBXProject "Scavenger Hunt" */;
			compatibilityVersion = "Xcode 3.2";
			developmentRegion = English;
			hasScannedForEncodings = 0;
			knownRegions = (
				en,
				Base,
			);
			mainGroup = 1804F8C41CA6CAAE00499AFC;
			productRefGroup = 1804F8CE1CA6CAAF00499AFC /* Products */;
			projectDirPath = "";
			projectRoot = "";
			targets = (
				1804F8CC1CA6CAAE00499AFC /* Scavenger Hunt */,
				1804F8E01CA6CAAF00499AFC /* Scavenger HuntTests */,
				1804F8EB1CA6CAAF00499AFC /* Scavenger HuntUITests */,
			);
		};
/* End PBXProject section */

/* Begin PBXResourcesBuildPhase section */
		1804F8CB1CA6CAAE00499AFC /* Resources */ = {
			isa = PBXResourcesBuildPhase;
			buildActionMask = 2147483647;
			files = (
				1804F8DB1CA6CAAF00499AFC /* LaunchScreen.storyboard in Resources */,
				1804F8D81CA6CAAF00499AFC /* Assets.xcassets in Resources */,
				1804F8D61CA6CAAF00499AFC /* Main.storyboard in Resources */,
			);
			runOnlyForDeploymentPostprocessing = 0;
		};
		1804F8DF1CA6CAAF00499AFC /* Resources */ = {
			isa = PBXResourcesBuildPhase;
			buildActionMask = 2147483647;
			files = (
			);
			runOnlyForDeploymentPostprocessing = 0;
		};
		1804F8EA1CA6CAAF00499AFC /* Resources */ = {
			isa = PBXResourcesBuildPhase;
			buildActionMask = 2147483647;
			files = (
			);
			runOnlyForDeploymentPostprocessing = 0;
		};
/* End PBXResourcesBuildPhase section */

/* Begin PBXSourcesBuildPhase section */
		1804F8C91CA6CAAE00499AFC /* Sources */ = {
			isa = PBXSourcesBuildPhase;
			buildActionMask = 2147483647;
			files = (
				1804F8D31CA6CAAF00499AFC /* AddViewController.swift in Sources */,
				1804F8D11CA6CAAF00499AFC /* AppDelegate.swift in Sources */,
				1804F9011CA6FD2F00499AFC /* ScavengerHuntItem.swift in Sources */,
				1804F8FF1CA6D95900499AFC /* ListViewController.swift in Sources */,
				1804F9031CA7167800499AFC /* itemsManager.swift in Sources */,
			);
			runOnlyForDeploymentPostprocessing = 0;
		};
		1804F8DD1CA6CAAF00499AFC /* Sources */ = {
			isa = PBXSourcesBuildPhase;
			buildActionMask = 2147483647;
			files = (
				1804F8E61CA6CAAF00499AFC /* Scavenger_HuntTests.swift in Sources */,
			);
			runOnlyForDeploymentPostprocessing = 0;
		};
		1804F8E81CA6CAAF00499AFC /* Sources */ = {
			isa = PBXSourcesBuildPhase;
			buildActionMask = 2147483647;
			files = (
				1804F8F11CA6CAAF00499AFC /* Scavenger_HuntUITests.swift in Sources */,
			);
			runOnlyForDeploymentPostprocessing = 0;
		};
/* End PBXSourcesBuildPhase section */

/* Begin PBXTargetDependency section */
		1804F8E31CA6CAAF00499AFC /* PBXTargetDependency */ = {
			isa = PBXTargetDependency;
			target = 1804F8CC1CA6CAAE00499AFC /* Scavenger Hunt */;
			targetProxy = 1804F8E21CA6CAAF00499AFC /* PBXContainerItemProxy */;
		};
		1804F8EE1CA6CAAF00499AFC /* PBXTargetDependency */ = {
			isa = PBXTargetDependency;
			target = 1804F8CC1CA6CAAE00499AFC /* Scavenger Hunt */;
			targetProxy = 1804F8ED1CA6CAAF00499AFC /* PBXContainerItemProxy */;
		};
/* End PBXTargetDependency section */

/* Begin PBXVariantGroup section */
		1804F8D41CA6CAAF00499AFC /* Main.storyboard */ = {
			isa = PBXVariantGroup;
			children = (
				1804F8D51CA6CAAF00499AFC /* Base */,
			);
			name = Main.storyboard;
			sourceTree = "<group>";
		};
		1804F8D91CA6CAAF00499AFC /* LaunchScreen.storyboard */ = {
			isa = PBXVariantGroup;
			children = (
				1804F8DA1CA6CAAF00499AFC /* Base */,
			);
			name = LaunchScreen.storyboard;
			sourceTree = "<group>";
		};
/* End PBXVariantGroup section */

/* Begin XCBuildConfiguration section */
		1804F8F31CA6CAAF00499AFC /* Debug */ = {
			isa = XCBuildConfiguration;
			buildSettings = {
				ALWAYS_SEARCH_USER_PATHS = NO;
				CLANG_CXX_LANGUAGE_STANDARD = "gnu++0x";
				CLANG_CXX_LIBRARY = "libc++";
				CLANG_ENABLE_MODULES = YES;
				CLANG_ENABLE_OBJC_ARC = YES;
				CLANG_WARN_BOOL_CONVERSION = YES;
				CLANG_WARN_CONSTANT_CONVERSION = YES;
				CLANG_WARN_DIRECT_OBJC_ISA_USAGE = YES_ERROR;
				CLANG_WARN_EMPTY_BODY = YES;
				CLANG_WARN_ENUM_CONVERSION = YES;
				CLANG_WARN_INT_CONVERSION = YES;
				CLANG_WARN_OBJC_ROOT_CLASS = YES_ERROR;
				CLANG_WARN_UNREACHABLE_CODE = YES;
				CLANG_WARN__DUPLICATE_METHOD_MATCH = YES;
				"CODE_SIGN_IDENTITY[sdk=iphoneos*]" = "iPhone Developer";
				COPY_PHASE_STRIP = NO;
				DEBUG_INFORMATION_FORMAT = dwarf;
				ENABLE_STRICT_OBJC_MSGSEND = YES;
				ENABLE_TESTABILITY = YES;
				GCC_C_LANGUAGE_STANDARD = gnu99;
				GCC_DYNAMIC_NO_PIC = NO;
				GCC_NO_COMMON_BLOCKS = YES;
				GCC_OPTIMIZATION_LEVEL = 0;
				GCC_PREPROCESSOR_DEFINITIONS = (
					"DEBUG=1",
					"$(inherited)",
				);
				GCC_WARN_64_TO_32_BIT_CONVERSION = YES;
				GCC_WARN_ABOUT_RETURN_TYPE = YES_ERROR;
				GCC_WARN_UNDECLARED_SELECTOR = YES;
				GCC_WARN_UNINITIALIZED_AUTOS = YES_AGGRESSIVE;
				GCC_WARN_UNUSED_FUNCTION = YES;
				GCC_WARN_UNUSED_VARIABLE = YES;
				IPHONEOS_DEPLOYMENT_TARGET = 9.2;
				MTL_ENABLE_DEBUG_INFO = YES;
				ONLY_ACTIVE_ARCH = YES;
				SDKROOT = iphoneos;
				SWIFT_OPTIMIZATION_LEVEL = "-Onone";
				TARGETED_DEVICE_FAMILY = "1,2";
			};
			name = Debug;
		};
		1804F8F41CA6CAAF00499AFC /* Release */ = {
			isa = XCBuildConfiguration;
			buildSettings = {
				ALWAYS_SEARCH_USER_PATHS = NO;
				CLANG_CXX_LANGUAGE_STANDARD = "gnu++0x";
				CLANG_CXX_LIBRARY = "libc++";
				CLANG_ENABLE_MODULES = YES;
				CLANG_ENABLE_OBJC_ARC = YES;
				CLANG_WARN_BOOL_CONVERSION = YES;
				CLANG_WARN_CONSTANT_CONVERSION = YES;
				CLANG_WARN_DIRECT_OBJC_ISA_USAGE = YES_ERROR;
				CLANG_WARN_EMPTY_BODY = YES;
				CLANG_WARN_ENUM_CONVERSION = YES;
				CLANG_WARN_INT_CONVERSION = YES;
				CLANG_WARN_OBJC_ROOT_CLASS = YES_ERROR;
				CLANG_WARN_UNREACHABLE_CODE = YES;
				CLANG_WARN__DUPLICATE_METHOD_MATCH = YES;
				"CODE_SIGN_IDENTITY[sdk=iphoneos*]" = "iPhone Developer";
				COPY_PHASE_STRIP = NO;
				DEBUG_INFORMATION_FORMAT = "dwarf-with-dsym";
				ENABLE_NS_ASSERTIONS = NO;
				ENABLE_STRICT_OBJC_MSGSEND = YES;
				GCC_C_LANGUAGE_STANDARD = gnu99;
				GCC_NO_COMMON_BLOCKS = YES;
				GCC_WARN_64_TO_32_BIT_CONVERSION = YES;
				GCC_WARN_ABOUT_RETURN_TYPE = YES_ERROR;
				GCC_WARN_UNDECLARED_SELECTOR = YES;
				GCC_WARN_UNINITIALIZED_AUTOS = YES_AGGRESSIVE;
				GCC_WARN_UNUSED_FUNCTION = YES;
				GCC_WARN_UNUSED_VARIABLE = YES;
				IPHONEOS_DEPLOYMENT_TARGET = 9.2;
				MTL_ENABLE_DEBUG_INFO = NO;
				SDKROOT = iphoneos;
				TARGETED_DEVICE_FAMILY = "1,2";
				VALIDATE_PRODUCT = YES;
			};
			name = Release;
		};
		1804F8F61CA6CAAF00499AFC /* Debug */ = {
			isa = XCBuildConfiguration;
			buildSettings = {
				ASSETCATALOG_COMPILER_APPICON_NAME = AppIcon;
				INFOPLIST_FILE = "Scavenger Hunt/Info.plist";
				LD_RUNPATH_SEARCH_PATHS = "$(inherited) @executable_path/Frameworks";
				PRODUCT_BUNDLE_IDENTIFIER = "com.example.Scavenger-Hunt";
				PRODUCT_NAME = "$(TARGET_NAME)";
			};
			name = Debug;
		};
		1804F8F71CA6CAAF00499AFC /* Release */ = {
			isa = XCBuildConfiguration;
			buildSettings = {
				ASSETCATALOG_COMPILER_APPICON_NAME = AppIcon;
				INFOPLIST_FILE = "Scavenger Hunt/Info.plist";
				LD_RUNPATH_SEARCH_PATHS = "$(inherited) @executable_path/Frameworks";
				PRODUCT_BUNDLE_IDENTIFIER = "com.example.Scavenger-Hunt";
				PRODUCT_NAME = "$(TARGET_NAME)";
			};
			name = Release;
		};
		1804F8F91CA6CAAF00499AFC /* Debug */ = {
			isa = XCBuildConfiguration;
			buildSettings = {
				BUNDLE_LOADER = "$(TEST_HOST)";
				INFOPLIST_FILE = "Scavenger HuntTests/Info.plist";
				LD_RUNPATH_SEARCH_PATHS = "$(inherited) @executable_path/Frameworks @loader_path/Frameworks";
				PRODUCT_BUNDLE_IDENTIFIER = "com.example.Scavenger-HuntTests";
				PRODUCT_NAME = "$(TARGET_NAME)";
				TEST_HOST = "$(BUILT_PRODUCTS_DIR)/Scavenger Hunt.app/Scavenger Hunt";
			};
			name = Debug;
		};
		1804F8FA1CA6CAAF00499AFC /* Release */ = {
			isa = XCBuildConfiguration;
			buildSettings = {
				BUNDLE_LOADER = "$(TEST_HOST)";
				INFOPLIST_FILE = "Scavenger HuntTests/Info.plist";
				LD_RUNPATH_SEARCH_PATHS = "$(inherited) @executable_path/Frameworks @loader_path/Frameworks";
				PRODUCT_BUNDLE_IDENTIFIER = "com.example.Scavenger-HuntTests";
				PRODUCT_NAME = "$(TARGET_NAME)";
				TEST_HOST = "$(BUILT_PRODUCTS_DIR)/Scavenger Hunt.app/Scavenger Hunt";
			};
			name = Release;
		};
		1804F8FC1CA6CAAF00499AFC /* Debug */ = {
			isa = XCBuildConfiguration;
			buildSettings = {
				INFOPLIST_FILE = "Scavenger HuntUITests/Info.plist";
				LD_RUNPATH_SEARCH_PATHS = "$(inherited) @executable_path/Frameworks @loader_path/Frameworks";
				PRODUCT_BUNDLE_IDENTIFIER = "com.example.Scavenger-HuntUITests";
				PRODUCT_NAME = "$(TARGET_NAME)";
				TEST_TARGET_NAME = "Scavenger Hunt";
				USES_XCTRUNNER = YES;
			};
			name = Debug;
		};
		1804F8FD1CA6CAAF00499AFC /* Release */ = {
			isa = XCBuildConfiguration;
			buildSettings = {
				INFOPLIST_FILE = "Scavenger HuntUITests/Info.plist";
				LD_RUNPATH_SEARCH_PATHS = "$(inherited) @executable_path/Frameworks @loader_path/Frameworks";
				PRODUCT_BUNDLE_IDENTIFIER = "com.example.Scavenger-HuntUITests";
				PRODUCT_NAME = "$(TARGET_NAME)";
				TEST_TARGET_NAME = "Scavenger Hunt";
				USES_XCTRUNNER = YES;
			};
			name = Release;
		};
/* End XCBuildConfiguration section */

/* Begin XCConfigurationList section */
		1804F8C81CA6CAAE00499AFC /* Build configuration list for PBXProject "Scavenger Hunt" */ = {
			isa = XCConfigurationList;
			buildConfigurations = (
				1804F8F31CA6CAAF00499AFC /* Debug */,
				1804F8F41CA6CAAF00499AFC /* Release */,
			);
			defaultConfigurationIsVisible = 0;
			defaultConfigurationName = Release;
		};
		1804F8F51CA6CAAF00499AFC /* Build configuration list for PBXNativeTarget "Scavenger Hunt" */ = {
			isa = XCConfigurationList;
			buildConfigurations = (
				1804F8F61CA6CAAF00499AFC /* Debug */,
				1804F8F71CA6CAAF00499AFC /* Release */,
			);
			defaultConfigurationIsVisible = 0;
		};
		1804F8F81CA6CAAF00499AFC /* Build configuration list for PBXNativeTarget "Scavenger HuntTests" */ = {
			isa = XCConfigurationList;
			buildConfigurations = (
				1804F8F91CA6CAAF00499AFC /* Debug */,
				1804F8FA1CA6CAAF00499AFC /* Release */,
			);
			defaultConfigurationIsVisible = 0;
		};
		1804F8FB1CA6CAAF00499AFC /* Build configuration list for PBXNativeTarget "Scavenger HuntUITests" */ = {
			isa = XCConfigurationList;
			buildConfigurations = (
				1804F8FC1CA6CAAF00499AFC /* Debug */,
				1804F8FD1CA6CAAF00499AFC /* Release */,
			);
			defaultConfigurationIsVisible = 0;
		};
/* End XCConfigurationList section */
	};
	rootObject = 1804F8C51CA6CAAE00499AFC /* Project object */;
}
